
Microsoft Visual Studio Solution File, Format Version 12.00
# Visual Studio 2017
Project("{FAE04EC0-301F-11D3-BF4B-00C04F79EFBC}") = "AspNetCoreAngularSpa", "AspNetCoreAngularSpa.csproj", "{E5B7A57F-0453-4574-AC0F-61454F0AE95E}"
EndProject
Global
	GlobalSection(SolutionConfigurationPlatforms) = preSolution
		Debug|Any CPU = Debug|Any CPU
		Release|Any CPU = Release|Any CPU
	EndGlobalSection
	GlobalSection(ProjectConfigurationPlatforms) = postSolution
		{E5B7A57F-0453-4574-AC0F-61454F0AE95E}.Debug|Any CPU.ActiveCfg = Debug|Any CPU
		{E5B7A57F-0453-4574-AC0F-61454F0AE95E}.Debug|Any CPU.Build.0 = Debug|Any CPU
		{E5B7A57F-0453-4574-AC0F-61454F0AE95E}.Release|Any CPU.ActiveCfg = Release|Any CPU
		{E5B7A57F-0453-4574-AC0F-61454F0AE95E}.Release|Any CPU.Build.0 = Release|Any CPU
	EndGlobalSection
EndGlobal
